// !$*UTF8*$!
{
	archiveVersion = 1;
	classes = {
	};
	objectVersion = 56;
	objects = {

/* Begin PBXBuildFile section */
		1579138F2B693A690023097B /* DetailView.swift in Sources */ = {isa = PBXBuildFile; fileRef = 1579138E2B693A690023097B /* DetailView.swift */; };
		157913942B693AE40023097B /* MainTabBar.swift in Sources */ = {isa = PBXBuildFile; fileRef = 157913932B693AE40023097B /* MainTabBar.swift */; };
		157913982B696E040023097B /* DetailFeatureCell.swift in Sources */ = {isa = PBXBuildFile; fileRef = 157913972B696E040023097B /* DetailFeatureCell.swift */; };
		1579139A2B6980BA0023097B /* DetailViewModel.swift in Sources */ = {isa = PBXBuildFile; fileRef = 157913992B6980BA0023097B /* DetailViewModel.swift */; };
		1579139D2B6982570023097B /* ReviewsCell.swift in Sources */ = {isa = PBXBuildFile; fileRef = 1579139C2B6982570023097B /* ReviewsCell.swift */; };
		157913A22B69859B0023097B /* Review.swift in Sources */ = {isa = PBXBuildFile; fileRef = 157913A12B69859B0023097B /* Review.swift */; };
		157913A42B6987760023097B /* StarRatingView.swift in Sources */ = {isa = PBXBuildFile; fileRef = 157913A32B6987760023097B /* StarRatingView.swift */; };
		15A281992B6926EC005951E8 /* _221SystemTestApp.swift in Sources */ = {isa = PBXBuildFile; fileRef = 15A281982B6926EC005951E8 /* _221SystemTestApp.swift */; };
		15A2819D2B6926EF005951E8 /* Assets.xcassets in Resources */ = {isa = PBXBuildFile; fileRef = 15A2819C2B6926EF005951E8 /* Assets.xcassets */; };
		15A281A02B6926EF005951E8 /* Preview Assets.xcassets in Resources */ = {isa = PBXBuildFile; fileRef = 15A2819F2B6926EF005951E8 /* Preview Assets.xcassets */; };
/* End PBXBuildFile section */

/* Begin PBXFileReference section */
		1579138E2B693A690023097B /* DetailView.swift */ = {isa = PBXFileReference; lastKnownFileType = sourcecode.swift; path = DetailView.swift; sourceTree = "<group>"; };
		157913932B693AE40023097B /* MainTabBar.swift */ = {isa = PBXFileReference; lastKnownFileType = sourcecode.swift; path = MainTabBar.swift; sourceTree = "<group>"; };
		157913972B696E040023097B /* DetailFeatureCell.swift */ = {isa = PBXFileReference; lastKnownFileType = sourcecode.swift; path = DetailFeatureCell.swift; sourceTree = "<group>"; };
		157913992B6980BA0023097B /* DetailViewModel.swift */ = {isa = PBXFileReference; lastKnownFileType = sourcecode.swift; path = DetailViewModel.swift; sourceTree = "<group>"; };
		1579139C2B6982570023097B /* ReviewsCell.swift */ = {isa = PBXFileReference; lastKnownFileType = sourcecode.swift; path = ReviewsCell.swift; sourceTree = "<group>"; };
		157913A12B69859B0023097B /* Review.swift */ = {isa = PBXFileReference; lastKnownFileType = sourcecode.swift; path = Review.swift; sourceTree = "<group>"; };
		157913A32B6987760023097B /* StarRatingView.swift */ = {isa = PBXFileReference; lastKnownFileType = sourcecode.swift; path = StarRatingView.swift; sourceTree = "<group>"; };
		15A281952B6926EC005951E8 /* 1221SystemTest.app */ = {isa = PBXFileReference; explicitFileType = wrapper.application; includeInIndex = 0; path = 1221SystemTest.app; sourceTree = BUILT_PRODUCTS_DIR; };
		15A281982B6926EC005951E8 /* _221SystemTestApp.swift */ = {isa = PBXFileReference; lastKnownFileType = sourcecode.swift; path = _221SystemTestApp.swift; sourceTree = "<group>"; };
		15A2819C2B6926EF005951E8 /* Assets.xcassets */ = {isa = PBXFileReference; lastKnownFileType = folder.assetcatalog; path = Assets.xcassets; sourceTree = "<group>"; };
		15A2819F2B6926EF005951E8 /* Preview Assets.xcassets */ = {isa = PBXFileReference; lastKnownFileType = folder.assetcatalog; path = "Preview Assets.xcassets"; sourceTree = "<group>"; };
/* End PBXFileReference section */

/* Begin PBXFrameworksBuildPhase section */
		15A281922B6926EC005951E8 /* Frameworks */ = {
			isa = PBXFrameworksBuildPhase;
			buildActionMask = 2147483647;
			files = (
			);
			runOnlyForDeploymentPostprocessing = 0;
		};
/* End PBXFrameworksBuildPhase section */

/* Begin PBXGroup section */
		1579138D2B693A510023097B /* Detail Screen */ = {
			isa = PBXGroup;
			children = (
				1579139F2B6982670023097B /* ViewModel */,
				1579139E2B69825B0023097B /* View */,
				1579139B2B6982460023097B /* Components */,
			);
			path = "Detail Screen";
			sourceTree = "<group>";
		};
		157913902B693A930023097B /* App */ = {
			isa = PBXGroup;
			children = (
				15A281982B6926EC005951E8 /* _221SystemTestApp.swift */,
				15A2819C2B6926EF005951E8 /* Assets.xcassets */,
			);
			path = App;
			sourceTree = "<group>";
		};
		157913912B693AB40023097B /* Main TabBar */ = {
			isa = PBXGroup;
			children = (
				157913932B693AE40023097B /* MainTabBar.swift */,
			);
			path = "Main TabBar";
			sourceTree = "<group>";
		};
		157913922B693AC60023097B /* Views */ = {
			isa = PBXGroup;
			children = (
				157913912B693AB40023097B /* Main TabBar */,
				1579138D2B693A510023097B /* Detail Screen */,
			);
			path = Views;
			sourceTree = "<group>";
		};
		1579139B2B6982460023097B /* Components */ = {
			isa = PBXGroup;
			children = (
				157913972B696E040023097B /* DetailFeatureCell.swift */,
				1579139C2B6982570023097B /* ReviewsCell.swift */,
				157913A32B6987760023097B /* StarRatingView.swift */,
			);
			path = Components;
			sourceTree = "<group>";
		};
		1579139E2B69825B0023097B /* View */ = {
			isa = PBXGroup;
			children = (
				1579138E2B693A690023097B /* DetailView.swift */,
			);
			path = View;
			sourceTree = "<group>";
		};
		1579139F2B6982670023097B /* ViewModel */ = {
			isa = PBXGroup;
			children = (
				157913992B6980BA0023097B /* DetailViewModel.swift */,
			);
			path = ViewModel;
			sourceTree = "<group>";
		};
		157913A02B6982760023097B /* Model */ = {
			isa = PBXGroup;
			children = (
				157913A12B69859B0023097B /* Review.swift */,
			);
			path = Model;
			sourceTree = "<group>";
		};
		15A2818C2B6926EC005951E8 = {
			isa = PBXGroup;
			children = (
				15A281972B6926EC005951E8 /* 1221SystemTest */,
				15A281962B6926EC005951E8 /* Products */,
			);
			sourceTree = "<group>";
		};
		15A281962B6926EC005951E8 /* Products */ = {
			isa = PBXGroup;
			children = (
				15A281952B6926EC005951E8 /* 1221SystemTest.app */,
			);
			name = Products;
			sourceTree = "<group>";
		};
		15A281972B6926EC005951E8 /* 1221SystemTest */ = {
			isa = PBXGroup;
			children = (
				157913902B693A930023097B /* App */,
				157913A02B6982760023097B /* Model */,
				157913922B693AC60023097B /* Views */,
				15A2819E2B6926EF005951E8 /* Preview Content */,
			);
			path = 1221SystemTest;
			sourceTree = "<group>";
		};
		15A2819E2B6926EF005951E8 /* Preview Content */ = {
			isa = PBXGroup;
			children = (
				15A2819F2B6926EF005951E8 /* Preview Assets.xcassets */,
			);
			path = "Preview Content";
			sourceTree = "<group>";
		};
/* End PBXGroup section */

/* Begin PBXNativeTarget section */
		15A281942B6926EC005951E8 /* 1221SystemTest */ = {
			isa = PBXNativeTarget;
			buildConfigurationList = 15A281A32B6926EF005951E8 /* Build configuration list for PBXNativeTarget "1221SystemTest" */;
			buildPhases = (
				15A281912B6926EC005951E8 /* Sources */,
				15A281922B6926EC005951E8 /* Frameworks */,
				15A281932B6926EC005951E8 /* Resources */,
			);
			buildRules = (
			);
			dependencies = (
			);
			name = 1221SystemTest;
			productName = 1221SystemTest;
			productReference = 15A281952B6926EC005951E8 /* 1221SystemTest.app */;
			productType = "com.apple.product-type.application";
		};
/* End PBXNativeTarget section */

/* Begin PBXProject section */
		15A2818D2B6926EC005951E8 /* Project object */ = {
			isa = PBXProject;
			attributes = {
				BuildIndependentTargetsInParallel = 1;
				LastSwiftUpdateCheck = 1520;
				LastUpgradeCheck = 1520;
				TargetAttributes = {
					15A281942B6926EC005951E8 = {
						CreatedOnToolsVersion = 15.2;
					};
				};
			};
			buildConfigurationList = 15A281902B6926EC005951E8 /* Build configuration list for PBXProject "1221SystemTest" */;
			compatibilityVersion = "Xcode 14.0";
			developmentRegion = en;
			hasScannedForEncodings = 0;
			knownRegions = (
				en,
				Base,
			);
			mainGroup = 15A2818C2B6926EC005951E8;
			productRefGroup = 15A281962B6926EC005951E8 /* Products */;
			projectDirPath = "";
			projectRoot = "";
			targets = (
				15A281942B6926EC005951E8 /* 1221SystemTest */,
			);
		};
/* End PBXProject section */

/* Begin PBXResourcesBuildPhase section */
		15A281932B6926EC005951E8 /* Resources */ = {
			isa = PBXResourcesBuildPhase;
			buildActionMask = 2147483647;
			files = (
				15A281A02B6926EF005951E8 /* Preview Assets.xcassets in Resources */,
				15A2819D2B6926EF005951E8 /* Assets.xcassets in Resources */,
			);
			runOnlyForDeploymentPostprocessing = 0;
		};
/* End PBXResourcesBuildPhase section */

/* Begin PBXSourcesBuildPhase section */
		15A281912B6926EC005951E8 /* Sources */ = {
			isa = PBXSourcesBuildPhase;
			buildActionMask = 2147483647;
			files = (
				157913942B693AE40023097B /* MainTabBar.swift in Sources */,
				157913A42B6987760023097B /* StarRatingView.swift in Sources */,
				157913982B696E040023097B /* DetailFeatureCell.swift in Sources */,
				157913A22B69859B0023097B /* Review.swift in Sources */,
				15A281992B6926EC005951E8 /* _221SystemTestApp.swift in Sources */,
				1579139A2B6980BA0023097B /* DetailViewModel.swift in Sources */,
				1579138F2B693A690023097B /* DetailView.swift in Sources */,
				1579139D2B6982570023097B /* ReviewsCell.swift in Sources */,
			);
			runOnlyForDeploymentPostprocessing = 0;
		};
/* End PBXSourcesBuildPhase section */

/* Begin XCBuildConfiguration section */
		15A281A12B6926EF005951E8 /* Debug */ = {
			isa = XCBuildConfiguration;
			buildSettings = {
				ALWAYS_SEARCH_USER_PATHS = NO;
				ASSETCATALOG_COMPILER_GENERATE_SWIFT_ASSET_SYMBOL_EXTENSIONS = YES;
				CLANG_ANALYZER_NONNULL = YES;
				CLANG_ANALYZER_NUMBER_OBJECT_CONVERSION = YES_AGGRESSIVE;
				CLANG_CXX_LANGUAGE_STANDARD = "gnu++20";
				CLANG_ENABLE_MODULES = YES;
				CLANG_ENABLE_OBJC_ARC = YES;
				CLANG_ENABLE_OBJC_WEAK = YES;
				CLANG_WARN_BLOCK_CAPTURE_AUTORELEASING = YES;
				CLANG_WARN_BOOL_CONVERSION = YES;
				CLANG_WARN_COMMA = YES;
				CLANG_WARN_CONSTANT_CONVERSION = YES;
				CLANG_WARN_DEPRECATED_OBJC_IMPLEMENTATIONS = YES;
				CLANG_WARN_DIRECT_OBJC_ISA_USAGE = YES_ERROR;
				CLANG_WARN_DOCUMENTATION_COMMENTS = YES;
				CLANG_WARN_EMPTY_BODY = YES;
				CLANG_WARN_ENUM_CONVERSION = YES;
				CLANG_WARN_INFINITE_RECURSION = YES;
				CLANG_WARN_INT_CONVERSION = YES;
				CLANG_WARN_NON_LITERAL_NULL_CONVERSION = YES;
				CLANG_WARN_OBJC_IMPLICIT_RETAIN_SELF = YES;
				CLANG_WARN_OBJC_LITERAL_CONVERSION = YES;
				CLANG_WARN_OBJC_ROOT_CLASS = YES_ERROR;
				CLANG_WARN_QUOTED_INCLUDE_IN_FRAMEWORK_HEADER = YES;
				CLANG_WARN_RANGE_LOOP_ANALYSIS = YES;
				CLANG_WARN_STRICT_PROTOTYPES = YES;
				CLANG_WARN_SUSPICIOUS_MOVE = YES;
				CLANG_WARN_UNGUARDED_AVAILABILITY = YES_AGGRESSIVE;
				CLANG_WARN_UNREACHABLE_CODE = YES;
				CLANG_WARN__DUPLICATE_METHOD_MATCH = YES;
				COPY_PHASE_STRIP = NO;
				DEBUG_INFORMATION_FORMAT = dwarf;
				ENABLE_STRICT_OBJC_MSGSEND = YES;
				ENABLE_TESTABILITY = YES;
				ENABLE_USER_SCRIPT_SANDBOXING = YES;
				GCC_C_LANGUAGE_STANDARD = gnu17;
				GCC_DYNAMIC_NO_PIC = NO;
				GCC_NO_COMMON_BLOCKS = YES;
				GCC_OPTIMIZATION_LEVEL = 0;
				GCC_PREPROCESSOR_DEFINITIONS = (
					"DEBUG=1",
					"$(inherited)",
				);
				GCC_WARN_64_TO_32_BIT_CONVERSION = YES;
				GCC_WARN_ABOUT_RETURN_TYPE = YES_ERROR;
				GCC_WARN_UNDECLARED_SELECTOR = YES;
				GCC_WARN_UNINITIALIZED_AUTOS = YES_AGGRESSIVE;
				GCC_WARN_UNUSED_FUNCTION = YES;
				GCC_WARN_UNUSED_VARIABLE = YES;
				IPHONEOS_DEPLOYMENT_TARGET = 17.2;
				LOCALIZATION_PREFERS_STRING_CATALOGS = YES;
				MTL_ENABLE_DEBUG_INFO = INCLUDE_SOURCE;
				MTL_FAST_MATH = YES;
				ONLY_ACTIVE_ARCH = YES;
				SDKROOT = iphoneos;
				SWIFT_ACTIVE_COMPILATION_CONDITIONS = "DEBUG $(inherited)";
				SWIFT_OPTIMIZATION_LEVEL = "-Onone";
			};
			name = Debug;
		};
		15A281A22B6926EF005951E8 /* Release */ = {
			isa = XCBuildConfiguration;
			buildSettings = {
				ALWAYS_SEARCH_USER_PATHS = NO;
				ASSETCATALOG_COMPILER_GENERATE_SWIFT_ASSET_SYMBOL_EXTENSIONS = YES;
				CLANG_ANALYZER_NONNULL = YES;
				CLANG_ANALYZER_NUMBER_OBJECT_CONVERSION = YES_AGGRESSIVE;
				CLANG_CXX_LANGUAGE_STANDARD = "gnu++20";
				CLANG_ENABLE_MODULES = YES;
				CLANG_ENABLE_OBJC_ARC = YES;
				CLANG_ENABLE_OBJC_WEAK = YES;
				CLANG_WARN_BLOCK_CAPTURE_AUTORELEASING = YES;
				CLANG_WARN_BOOL_CONVERSION = YES;
				CLANG_WARN_COMMA = YES;
				CLANG_WARN_CONSTANT_CONVERSION = YES;
				CLANG_WARN_DEPRECATED_OBJC_IMPLEMENTATIONS = YES;
				CLANG_WARN_DIRECT_OBJC_ISA_USAGE = YES_ERROR;
				CLANG_WARN_DOCUMENTATION_COMMENTS = YES;
				CLANG_WARN_EMPTY_BODY = YES;
				CLANG_WARN_ENUM_CONVERSION = YES;
				CLANG_WARN_INFINITE_RECURSION = YES;
				CLANG_WARN_INT_CONVERSION = YES;
				CLANG_WARN_NON_LITERAL_NULL_CONVERSION = YES;
				CLANG_WARN_OBJC_IMPLICIT_RETAIN_SELF = YES;
				CLANG_WARN_OBJC_LITERAL_CONVERSION = YES;
				CLANG_WARN_OBJC_ROOT_CLASS = YES_ERROR;
				CLANG_WARN_QUOTED_INCLUDE_IN_FRAMEWORK_HEADER = YES;
				CLANG_WARN_RANGE_LOOP_ANALYSIS = YES;
				CLANG_WARN_STRICT_PROTOTYPES = YES;
				CLANG_WARN_SUSPICIOUS_MOVE = YES;
				CLANG_WARN_UNGUARDED_AVAILABILITY = YES_AGGRESSIVE;
				CLANG_WARN_UNREACHABLE_CODE = YES;
				CLANG_WARN__DUPLICATE_METHOD_MATCH = YES;
				COPY_PHASE_STRIP = NO;
				DEBUG_INFORMATION_FORMAT = "dwarf-with-dsym";
				ENABLE_NS_ASSERTIONS = NO;
				ENABLE_STRICT_OBJC_MSGSEND = YES;
				ENABLE_USER_SCRIPT_SANDBOXING = YES;
				GCC_C_LANGUAGE_STANDARD = gnu17;
				GCC_NO_COMMON_BLOCKS = YES;
				GCC_WARN_64_TO_32_BIT_CONVERSION = YES;
				GCC_WARN_ABOUT_RETURN_TYPE = YES_ERROR;
				GCC_WARN_UNDECLARED_SELECTOR = YES;
				GCC_WARN_UNINITIALIZED_AUTOS = YES_AGGRESSIVE;
				GCC_WARN_UNUSED_FUNCTION = YES;
				GCC_WARN_UNUSED_VARIABLE = YES;
				IPHONEOS_DEPLOYMENT_TARGET = 17.2;
				LOCALIZATION_PREFERS_STRING_CATALOGS = YES;
				MTL_ENABLE_DEBUG_INFO = NO;
				MTL_FAST_MATH = YES;
				SDKROOT = iphoneos;
				SWIFT_COMPILATION_MODE = wholemodule;
				VALIDATE_PRODUCT = YES;
			};
			name = Release;
		};
		15A281A42B6926EF005951E8 /* Debug */ = {
			isa = XCBuildConfiguration;
			buildSettings = {
				ASSETCATALOG_COMPILER_APPICON_NAME = AppIcon;
				ASSETCATALOG_COMPILER_GLOBAL_ACCENT_COLOR_NAME = AccentColor;
				CODE_SIGN_STYLE = Automatic;
				CURRENT_PROJECT_VERSION = 1;
				DEVELOPMENT_ASSET_PATHS = "\"1221SystemTest/Preview Content\"";
				DEVELOPMENT_TEAM = PP55TUKCZU;
				ENABLE_PREVIEWS = YES;
				GENERATE_INFOPLIST_FILE = YES;
				INFOPLIST_KEY_UIApplicationSceneManifest_Generation = YES;
				INFOPLIST_KEY_UIApplicationSupportsIndirectInputEvents = YES;
				INFOPLIST_KEY_UILaunchScreen_Generation = YES;
				INFOPLIST_KEY_UISupportedInterfaceOrientations_iPad = "UIInterfaceOrientationPortrait UIInterfaceOrientationPortraitUpsideDown UIInterfaceOrientationLandscapeLeft UIInterfaceOrientationLandscapeRight";
				INFOPLIST_KEY_UISupportedInterfaceOrientations_iPhone = "UIInterfaceOrientationPortrait UIInterfaceOrientationLandscapeLeft UIInterfaceOrientationLandscapeRight";
				IPHONEOS_DEPLOYMENT_TARGET = 14.0;
				LD_RUNPATH_SEARCH_PATHS = (
					"$(inherited)",
					"@executable_path/Frameworks",
				);
				MARKETING_VERSION = 1.0;
				PRODUCT_BUNDLE_IDENTIFIER = "shurup.-221SystemTest";
				PRODUCT_NAME = "$(TARGET_NAME)";
				SUPPORTED_PLATFORMS = "iphoneos iphonesimulator";
				SUPPORTS_MACCATALYST = NO;
				SUPPORTS_MAC_DESIGNED_FOR_IPHONE_IPAD = NO;
				SUPPORTS_XR_DESIGNED_FOR_IPHONE_IPAD = NO;
				SWIFT_EMIT_LOC_STRINGS = YES;
				SWIFT_VERSION = 5.0;
				TARGETED_DEVICE_FAMILY = 1;
			};
			name = Debug;
		};
		15A281A52B6926EF005951E8 /* Release */ = {
			isa = XCBuildConfiguration;
			buildSettings = {
				ASSETCATALOG_COMPILER_APPICON_NAME = AppIcon;
				ASSETCATALOG_COMPILER_GLOBAL_ACCENT_COLOR_NAME = AccentColor;
				CODE_SIGN_STYLE = Automatic;
				CURRENT_PROJECT_VERSION = 1;
				DEVELOPMENT_ASSET_PATHS = "\"1221SystemTest/Preview Content\"";
				DEVELOPMENT_TEAM = PP55TUKCZU;
				ENABLE_PREVIEWS = YES;
				GENERATE_INFOPLIST_FILE = YES;
				INFOPLIST_KEY_UIApplicationSceneManifest_Generation = YES;
				INFOPLIST_KEY_UIApplicationSupportsIndirectInputEvents = YES;
				INFOPLIST_KEY_UILaunchScreen_Generation = YES;
				INFOPLIST_KEY_UISupportedInterfaceOrientations_iPad = "UIInterfaceOrientationPortrait UIInterfaceOrientationPortraitUpsideDown UIInterfaceOrientationLandscapeLeft UIInterfaceOrientationLandscapeRight";
				INFOPLIST_KEY_UISupportedInterfaceOrientations_iPhone = "UIInterfaceOrientationPortrait UIInterfaceOrientationLandscapeLeft UIInterfaceOrientationLandscapeRight";
				IPHONEOS_DEPLOYMENT_TARGET = 14.0;
				LD_RUNPATH_SEARCH_PATHS = (
					"$(inherited)",
					"@executable_path/Frameworks",
				);
				MARKETING_VERSION = 1.0;
				PRODUCT_BUNDLE_IDENTIFIER = "shurup.-221SystemTest";
				PRODUCT_NAME = "$(TARGET_NAME)";
				SUPPORTED_PLATFORMS = "iphoneos iphonesimulator";
				SUPPORTS_MACCATALYST = NO;
				SUPPORTS_MAC_DESIGNED_FOR_IPHONE_IPAD = NO;
				SUPPORTS_XR_DESIGNED_FOR_IPHONE_IPAD = NO;
				SWIFT_EMIT_LOC_STRINGS = YES;
				SWIFT_VERSION = 5.0;
				TARGETED_DEVICE_FAMILY = 1;
			};
			name = Release;
		};
/* End XCBuildConfiguration section */

/* Begin XCConfigurationList section */
		15A281902B6926EC005951E8 /* Build configuration list for PBXProject "1221SystemTest" */ = {
			isa = XCConfigurationList;
			buildConfigurations = (
				15A281A12B6926EF005951E8 /* Debug */,
				15A281A22B6926EF005951E8 /* Release */,
			);
			defaultConfigurationIsVisible = 0;
			defaultConfigurationName = Release;
		};
		15A281A32B6926EF005951E8 /* Build configuration list for PBXNativeTarget "1221SystemTest" */ = {
			isa = XCConfigurationList;
			buildConfigurations = (
				15A281A42B6926EF005951E8 /* Debug */,
				15A281A52B6926EF005951E8 /* Release */,
			);
			defaultConfigurationIsVisible = 0;
			defaultConfigurationName = Release;
		};
/* End XCConfigurationList section */
	};
	rootObject = 15A2818D2B6926EC005951E8 /* Project object */;
}
